{
	"name": "CFWorker-JWT",
	"lockfileVersion": 2,
	"requires": true,
	"packages": {
		"": {
			"devDependencies": {
				"@cloudflare/workers-types": "^3.11.0",
				"@types/jsonwebtoken": "^8.5.8",
				"@types/node": "^17.0.38"
			}
		},
		"node_modules/@cloudflare/workers-types": {
			"version": "3.11.0",
			"resolved": "https://registry.npmjs.org/@cloudflare/workers-types/-/workers-types-3.11.0.tgz",
			"integrity": "sha512-XmKgZZHrCdPsoVQkdd365R7GvwTwDVJsMyEG3Dq/Tgxz6vgrps2c8PXBqEutguwvl0zDAF0AL0e2Z8WG9Dffjw==",
			"dev": true
		},
		"node_modules/@types/jsonwebtoken": {
			"version": "8.5.8",
			"resolved": "https://registry.npmjs.org/@types/jsonwebtoken/-/jsonwebtoken-8.5.8.tgz",
			"integrity": "sha512-zm6xBQpFDIDM6o9r6HSgDeIcLy82TKWctCXEPbJJcXb5AKmi5BNNdLXneixK4lplX3PqIVcwLBCGE/kAGnlD4A==",
			"dev": true,
			"dependencies": {
				"@types/node": "*"
			}
		},
		"node_modules/@types/node": {
			"version": "17.0.38",
			"resolved": "https://registry.npmjs.org/@types/node/-/node-17.0.38.tgz",
			"integrity": "sha512-5jY9RhV7c0Z4Jy09G+NIDTsCZ5G0L5n+Z+p+Y7t5VJHM30bgwzSjVtlcBxqAj+6L/swIlvtOSzr8rBk/aNyV2g==",
			"dev": true
		}
	},
	"dependencies": {
		"@cloudflare/workers-types": {
			"version": "3.11.0",
			"resolved": "https://registry.npmjs.org/@cloudflare/workers-types/-/workers-types-3.11.0.tgz",
			"integrity": "sha512-XmKgZZHrCdPsoVQkdd365R7GvwTwDVJsMyEG3Dq/Tgxz6vgrps2c8PXBqEutguwvl0zDAF0AL0e2Z8WG9Dffjw==",
			"dev": true
		},
		"@types/jsonwebtoken": {
			"version": "8.5.8",
			"resolved": "https://registry.npmjs.org/@types/jsonwebtoken/-/jsonwebtoken-8.5.8.tgz",
			"integrity": "sha512-zm6xBQpFDIDM6o9r6HSgDeIcLy82TKWctCXEPbJJcXb5AKmi5BNNdLXneixK4lplX3PqIVcwLBCGE/kAGnlD4A==",
			"dev": true,
			"requires": {
				"@types/node": "*"
			}
		},
		"@types/node": {
			"version": "17.0.38",
			"resolved": "https://registry.npmjs.org/@types/node/-/node-17.0.38.tgz",
			"integrity": "sha512-5jY9RhV7c0Z4Jy09G+NIDTsCZ5G0L5n+Z+p+Y7t5VJHM30bgwzSjVtlcBxqAj+6L/swIlvtOSzr8rBk/aNyV2g==",
			"dev": true
		}
	}
}
